
Microsoft Visual Studio Solution File, Format Version 12.00
# Visual Studio Version 17
VisualStudioVersion = 17.4.33103.184
MinimumVisualStudioVersion = 10.0.40219.1
Project("{FAE04EC0-301F-11D3-BF4B-00C04F79EFBC}") = "IbragimovTours", "IbragimovTours\IbragimovTours.csproj", "{D783B4F9-EA73-4C45-9436-2BB7791C8CE5}"
EndProject
Global
	GlobalSection(SolutionConfigurationPlatforms) = preSolution
		Debug|Any CPU = Debug|Any CPU
		Release|Any CPU = Release|Any CPU
	EndGlobalSection
	GlobalSection(ProjectConfigurationPlatforms) = postSolution
		{D783B4F9-EA73-4C45-9436-2BB7791C8CE5}.Debug|Any CPU.ActiveCfg = Debug|Any CPU
		{D783B4F9-EA73-4C45-9436-2BB7791C8CE5}.Debug|Any CPU.Build.0 = Debug|Any CPU
		{D783B4F9-EA73-4C45-9436-2BB7791C8CE5}.Release|Any CPU.ActiveCfg = Release|Any CPU
		{D783B4F9-EA73-4C45-9436-2BB7791C8CE5}.Release|Any CPU.Build.0 = Release|Any CPU
	EndGlobalSection
	GlobalSection(SolutionProperties) = preSolution
		HideSolutionNode = FALSE
	EndGlobalSection
	GlobalSection(ExtensibilityGlobals) = postSolution
		SolutionGuid = {A0508B7F-2E9D-4D42-A686-4C1442353C40}
	EndGlobalSection
EndGlobal
